al.essio.dev/pkg/shellescape v1.6.0 h1:NxFcEqzFSEVCGN2yq7Huv/9hyCEGVa/TncnOOBBeXHA=
al.essio.dev/pkg/shellescape v1.6.0/go.mod h1:6sIqp7X2P6mThCQ7twERpZTuigpr6KbZWtls1U8I890=
github.com/Azure/go-ntlmssp v0.1.1 h1:l+FM/EEMb0U9QZE7mKNEDw5Mu3mFiaa2GKOoTSsNDPw=
github.com/Azure/go-ntlmssp v0.1.1/go.mod h1:NYqdhxd/8aAct/s4qSYZEerdPuH1liG2/X9DiVTbhpk=
github.com/ChrisTrenkamp/goxpath v0.0.0-20210404020558-97928f7e12b6 h1:w0E0fgc1YafGEh5cROhlROMWXiNoZqApk2PDN0M1+Ns=
github.com/ChrisTrenkamp/goxpath v0.0.0-20210404020558-97928f7e12b6/go.mod h1:nuWgzSkT5PnyOd+272uUmV0dnAnAn42Mk7PiQC5VzN4=
github.com/Nerzal/gocloak/v13 v13.9.0 h1:YWsJsdM5b0yhM2Ba3MLydiOlujkBry4TtdzfIzSVZhw=
github.com/Nerzal/gocloak/v13 v13.9.0/go.mod h1:YYuDcXZ7K2zKECyVP7pPqjKxx2AzYSpKDj8d6GuyM10=
github.com/acarl005/stripansi v0.0.0-20180116102854-5a71ef0e047d h1:licZJFw2RwpHMqeKTCYkitsPqHNxTmd4SNR5r94FGM8=
github.com/acarl005/stripansi v0.0.0-20180116102854-5a71ef0e047d/go.mod h1:asat636LX7Bqt5lYEZ27JNDcqxfjdBQuJ/MM4CN/Lzo=
github.com/andybalholm/brotli v1.2.2 h1:HzTuoo2ErYQqf5qvcJInB8uvqSVxRttzkFexPWtnceM=
github.com/andybalholm/brotli v1.2.2/go.mod h1:rzTDkvFWvIrjDXZHkuS16NPggd91W3kUSvPlQ1pLaKY=
github.com/avast/retry-go v3.0.0+incompatible h1:4SOWQ7Qs+oroOTQOYnAHqelpCO0biHSxpiH9JdtuBj0=
github.com/avast/retry-go v3.0.0+incompatible/go.mod h1:XtSnn+n/sHqQIpZ10K1qAevBhOOCWBLXXy3hyiqqBrY=
github.com/bodgit/ntlmssp v0.0.0-20240506230425-31973bb52d9b h1:baFN6AnR0SeC194X2D292IUZcHDs4JjStpqtE70fjXE=
github.com/bodgit/ntlmssp v0.0.0-20240506230425-31973bb52d9b/go.mod h1:Ram6ngyPDmP+0t6+4T2rymv0w0BS9N8Ch5vvUJccw5o=
github.com/bodgit/windows v1.0.1 h1:tF7K6KOluPYygXa3Z2594zxlkbKPAOvqr97etrGNIz4=
github.com/bodgit/windows v1.0.1/go.mod h1:a6JLwrB4KrTR5hBpp8FI9/9W9jJfeQ2h4XDXU74ZCdM=
github.com/clipperhouse/uax29/v2 v2.7.0 h1:+gs4oBZ2gPfVrKPthwbMzWZDaAFPGYK72F0NJv2v7Vk=
github.com/clipperhouse/uax29/v2 v2.7.0/go.mod h1:EFJ2TJMRUaplDxHKj1qAEhCtQPW2tJSwu5BF98AuoVM=
github.com/creack/pty v1.1.9/go.mod h1:oKZEueFk5CKHvIhNR5MUki03XCEU+Q6VDXinZuGJ33E=
github.com/dariubs/gorm-jsonb v0.1.5 h1:0sc6pBQ0V1i3MqIos3SiQjRxtzs3pTnAZaAtb+SFM20=
github.com/dariubs/gorm-jsonb v0.1.5/go.mod h1:e6GXwMviS3e9QxADNOWWZq0WBTdxpK2SoYOExMUfRoM=
github.com/davecgh/go-spew v1.1.0/go.mod h1:J7Y8YcW2NihsgmVo/mv3lAwl/skON4iLHjSsI+c5H38=
github.com/davecgh/go-spew v1.1.1/go.mod h1:J7Y8YcW2NihsgmVo/mv3lAwl/skON4iLHjSsI+c5H38=
github.com/davecgh/go-spew v1.1.2-0.20180830191138-d8f796af33cc h1:U9qPSI2PIWSS1VwoXQT9A3Wy9MM3WgvqSxFWenqJduM=
github.com/davecgh/go-spew v1.1.2-0.20180830191138-d8f796af33cc/go.mod h1:J7Y8YcW2NihsgmVo/mv3lAwl/skON4iLHjSsI+c5H38=
github.com/dgrijalva/jwt-go v3.2.0+incompatible h1:7qlOGliEKZXTDg6OTjfoBKDXWrumCAMpl/TFQ4/5kLM=
github.com/dgrijalva/jwt-go v3.2.0+incompatible/go.mod h1:E3ru+11k8xSBh+hMPgOLZmtrrCbhqsmaPHjLKYnJCaQ=
github.com/emicklei/go-restful/v3 v3.13.0 h1:C4Bl2xDndpU6nJ4bc1jXd+uTmYPVUwkD6bFY/oTyCes=
github.com/emicklei/go-restful/v3 v3.13.0/go.mod h1:6n3XBCmQQb25CM2LCACGz8ukIrRry+4bhvbpWn3mrbc=
github.com/fxamacker/cbor/v2 v2.9.3 h1:oQBnFATpNdY8gJHTndDDv5Xl4QqNaz51G5LLEPhng3Q=
github.com/fxamacker/cbor/v2 v2.9.3/go.mod h1:vM4b+DJCtHn+zz7h3FFp/hDAI9WNWCsZj23V5ytsSxQ=
github.com/gabriel-vasile/mimetype v1.4.15 h1:05iP/CYtZ/w455R/KZM6rZ5ieAdh99UPtd+d3YzLmaI=
github.com/gabriel-vasile/mimetype v1.4.15/go.mod h1:azpTcoLcDZRNgFou5j+APrqQx9HqVPWa6ijYQIIVswQ=
github.com/geoffgarside/ber v1.1.0/go.mod h1:jVPKeCbj6MvQZhwLYsGwaGI52oUorHoHKNecGT85ZCc=
github.com/geoffgarside/ber v1.2.0 h1:/loowoRcs/MWLYmGX9QtIAbA+V/FrnVLsMMPhwiRm64=
github.com/geoffgarside/ber v1.2.0/go.mod h1:jVPKeCbj6MvQZhwLYsGwaGI52oUorHoHKNecGT85ZCc=
github.com/go-co-op/gocron v1.37.0 h1:ZYDJGtQ4OMhTLKOKMIch+/CY70Brbb1dGdooLEhh7b0=
github.com/go-co-op/gocron v1.37.0/go.mod h1:3L/n6BkO7ABj+TrfSVXLRzsP26zmikL4ISkLQ0O8iNY=
github.com/go-logr/logr v1.4.4 h1:tG4xh9yMsRCAiodLVTxyrkzSZ9+o0L1Kg/+cPVcbP/8=
github.com/go-logr/logr v1.4.4/go.mod h1:9T104GzyrTigFIr8wt5mBrctHMim0Nb2HLGrmQ40KvY=
github.com/go-openapi/jsonpointer v1.0.0 h1:kR9tHqY0CtZaOPVFm622dPVNhrvYpwr4uCxgL3h1H8s=
github.com/go-openapi/jsonpointer v1.0.0/go.mod h1:Z3rw7dWu1p9IgitXCFamSlA5lmDiklEB6vkaxcNZW5Y=
github.com/go-openapi/jsonreference v1.0.0 h1:jlmTr6torcd1YgDQvSfNmRtKzYDO4FGBkrAdlAVWnpY=
github.com/go-openapi/jsonreference v1.0.0/go.mod h1:jtwdyGbJk0Xhe5Y+rwtglQP6Sb1WZST4rT32LWB+sv0=
github.com/go-openapi/swag v0.27.3 h1:i6oVKkGZeFgETHMiBHGtj9gIQ1aLtWDdJnT/SRZeets=
github.com/go-openapi/swag v0.27.3/go.mod h1:qEXs3GcyyQTDCFQ4ykqnLPDh8qT+zBcjbVWdxCAW0Us=
github.com/go-openapi/swag/cmdutils v0.27.3 h1:sjuL0TvW81i9R9GRMO/fy+c3mOW+7zxRYwy/7fobZt4=
github.com/go-openapi/swag/cmdutils v0.27.3/go.mod h1:Sm1MVFMkF6guJJ+pQqHnQA3N0j9qALV3NxzDSv6bETM=
github.com/go-openapi/swag/conv v0.27.3 h1:iqJFmGEjmX3AY0lSszABFqRVqOSt99XS0LzNIMJYuhU=
github.com/go-openapi/swag/conv v0.27.3/go.mod h1:nPRmN6jgNme99hpf+nM0auDZGALWIqlwhisKPK/bQhQ=
github.com/go-openapi/swag/fileutils v0.27.3 h1:3UVoZ2RLaIs1lt+2jcKzL8RM3Yk0rmsDE9FLA/HGxFE=
github.com/go-openapi/swag/fileutils v0.27.3/go.mod h1:VvJFZLTZS0AI854gEQz5tk7dBESdLjiNUMSZ/th2ry8=
github.com/go-openapi/swag/jsonutils v0.27.3 h1:1DEz+O82frtSMBcos/7XIn1GnpNTbsD4Bru4Dc/uhRc=
github.com/go-openapi/swag/jsonutils v0.27.3/go.mod h1:qiDCoQvzkMxrV3G8FLEdIU5L+EFYc0zcDOHWT3Yofvo=
github.com/go-openapi/swag/jsonutils/fixtures_test v0.27.3 h1:h/eT9kmGCDdFLJF29lOhzLtF0FmP1AX2MhLJWVebsb8=
github.com/go-openapi/swag/jsonutils/fixtures_test v0.27.3/go.mod h1:mofwUWx70wvskwESqRJ//k/9kURmCgyJl5m5Ppoh5kY=
github.com/go-openapi/swag/loading v0.27.3 h1:L9nQkEgzU7QgFQL+pLEMfGUKxeM4pWwGwbET9Z3weW0=
github.com/go-openapi/swag/loading v0.27.3/go.mod h1:rJ0NeaKsF4CVPnMGjPQl7JlSHzvD0bc2DKXLss1hiuE=
github.com/go-openapi/swag/mangling v0.27.3 h1:gRzzD1PAUoLTtGMgI3KpBmCSOlTuLTFWnviLxLcTnyg=
github.com/go-openapi/swag/mangling v0.27.3/go.mod h1:jtBE2+V+3pILxOR7Vgce+Cwp6A2PgZbvVqfNntbVs0w=
github.com/go-openapi/swag/netutils v0.27.3 h1:IoBvfCoprsE6E87kAIm9basnISqDDqB79mJ8MN+f5PU=
github.com/go-openapi/swag/netutils v0.27.3/go.mod h1:J+WYyFMLtvtCGqa6jLv+YNUmIKI3ZRQRrvfNDMoQoEQ=
github.com/go-openapi/swag/pools v0.27.3 h1:gXjImP3F6/56wRRcFgEPld084Y6u2gs21ikPBt8NKBk=
github.com/go-openapi/swag/pools v0.27.3/go.mod h1:kVQefhSK5RWuRe7BXsL8htgBPAMpN7HDGpGEknqugeE=
github.com/go-openapi/swag/stringutils v0.27.3 h1:Ru28hnbAvN5wycALQYy8IobHvASq+FUFMlp1QzLM0JI=
github.com/go-openapi/swag/stringutils v0.27.3/go.mod h1:lzRN95CxXmA03XcDWHLOb6nOMcxCqR5rGY0lOgsfRoM=
github.com/go-openapi/swag/typeutils v0.27.3 h1:l6SSrx5eR5/WVwrGNzN6bQ9WqL04mrxNBl9YgQ3rcJ4=
github.com/go-openapi/swag/typeutils v0.27.3/go.mod h1:Srm0xFNRZ1Y+vCxJclo5qzx8aj+1pAKda/YfFPrG0dQ=
github.com/go-openapi/swag/yamlutils v0.27.3 h1:cRFCAoYtslYn9L9T0xWryHy1t7c1MACC+DMj3CLvwvs=
github.com/go-openapi/swag/yamlutils v0.27.3/go.mod h1:6JYBGj8sw/NawMllyZY+cTA8Mzk2etS3ZBASdcyPsiU=
github.com/go-openapi/testify/enable/yaml/v2 v2.6.0 h1:gGHwAJ0R/5jU8BEGDbfRNR3hL68dAVi84WuOApp29B0=
github.com/go-openapi/testify/enable/yaml/v2 v2.6.0/go.mod h1:tY+St1SGq4NFl0QIqdTY4aEdbChAHxhyB77XQi9iJCo=
github.com/go-openapi/testify/v2 v2.6.0 h1:5PKH2HE7YJ/LuRPQGvSxBRlFXNQhSetBLlGAgUEu3ug=
github.com/go-openapi/testify/v2 v2.6.0/go.mod h1:SgsVHtfooshd0tublTtJ50FPKhujf47YRqauXXOUxfw=
github.com/go-playground/assert/v2 v2.2.0 h1:JvknZsQTYeFEAhQwI4qEt9cyV5ONwRHC+lYKSsYSR8s=
github.com/go-playground/assert/v2 v2.2.0/go.mod h1:VDjEfimB/XKnb+ZQfWdccd7VUvScMdVu0Titje2rxJ4=
github.com/go-playground/locales v0.14.1 h1:EWaQ/wswjilfKLTECiXz7Rh+3BjFhfDFKv/oXslEjJA=
github.com/go-playground/locales v0.14.1/go.mod h1:hxrqLVvrK65+Rwrd5Fc6F2O76J/NuW9t0sjnWqG1slY=
github.com/go-playground/universal-translator v0.18.1 h1:Bcnm0ZwsGyWbCzImXv+pAJnYK9S473LQFuzCbDbfSFY=
github.com/go-playground/universal-translator v0.18.1/go.mod h1:xekY+UJKNuX9WP91TpwSH2VMlDf28Uj24BCp08ZFTUY=
github.com/go-playground/validator/v10 v10.30.3 h1:4MU6YkEwx7GbcPJOZxrtbu+QfF3pJLJuaYTeAH0DYy8=
github.com/go-playground/validator/v10 v10.30.3/go.mod h1:4Axh7oCNGcoGkqLoE4YWt6n20mcEIsPRlB7vPk3lpyc=
github.com/go-resty/resty/v2 v2.17.2 h1:FQW5oHYcIlkCNrMD2lloGScxcHJ0gkjshV3qcQAyHQk=
github.com/go-resty/resty/v2 v2.17.2/go.mod h1:kCKZ3wWmwJaNc7S29BRtUhJwy7iqmn+2mLtQrOyQlVA=
github.com/gofiber/fiber/v2 v2.52.15 h1:Cov1uKeVPyu9q0jSrN60W+A8XNX+/WK8J7cy5osHLIk=
github.com/gofiber/fiber/v2 v2.52.15/go.mod h1:YEcBbO/FB+5M1IZNBP9FO3J9281zgPAreiI1oqg8nDw=
github.com/gofiber/helmet/v2 v2.2.26 h1:KreQVUpCIGppPQ6Yt8qQMaIR4fVXMnvBdsda0dJSsO8=
github.com/gofiber/helmet/v2 v2.2.26/go.mod h1:XE0DF4cgf0M5xIt7qyAK5zOi8jJblhxfSDv9DAmEEQo=
github.com/gofrs/uuid v4.4.0+incompatible h1:3qXRTX8/NbyulANqlc0lchS1gqAVxRgsuW1YrTJupqA=
github.com/gofrs/uuid v4.4.0+incompatible/go.mod h1:b2aQJv3Z4Fp6yNu3cdSllBxTCLRxnplIgP/c0N/04lM=
github.com/golang-jwt/jwt/v4 v4.5.2 h1:YtQM7lnr8iZ+j5q71MGKkNw9Mn7AjHM68uc9g5fXeUI=
github.com/golang-jwt/jwt/v4 v4.5.2/go.mod h1:m21LjoU+eqJr34lmDMbreY2eSTRJ1cv77w39/MY0Ch0=
github.com/golang-jwt/jwt/v5 v5.3.1 h1:kYf81DTWFe7t+1VvL7eS+jKFVWaUnK9cB1qbwn63YCY=
github.com/golang-jwt/jwt/v5 v5.3.1/go.mod h1:fxCRLWMO43lRc8nhHWY6LGqRcf+1gQWArsqaEUEa5bE=
github.com/google/gnostic-models v0.7.1 h1:SisTfuFKJSKM5CPZkffwi6coztzzeYUhc3v4yxLWH8c=
github.com/google/gnostic-models v0.7.1/go.mod h1:whL5G0m6dmc5cPxKc5bdKdEN3UjI7OUGxBlw57miDrQ=
github.com/google/go-cmp v0.7.0 h1:wk8382ETsv4JYUZwIsn6YpYiWiBsYLSJiTsyBybVuN8=
github.com/google/go-cmp v0.7.0/go.mod h1:pXiqmnSA92OHEEa9HXL2W4E7lf9JzCmGVUdgjX3N/iU=
github.com/google/gofuzz v1.0.0/go.mod h1:dBl0BpW6vV/+mYPU4Po3pmUjxk6FQPldtuIdl/M65Eg=
github.com/google/shlex v0.0.0-20191202100458-e7afc7fbc510 h1:El6M4kTTCOh6aBiKaUGG7oYTSPP8MxqL4YI3kZKwcP4=
github.com/google/shlex v0.0.0-20191202100458-e7afc7fbc510/go.mod h1:pupxD2MaaD3pAXIBCelhxNneeOaAeabZDe5s4K6zSpQ=
github.com/google/uuid v1.4.0/go.mod h1:TIyPZe4MgqvfeYDBFedMoGGpEw/LqOeaOT+nhxU+yHo=
github.com/google/uuid v1.6.0 h1:NIvaJDMOsjHA8n1jAhLSgzrAzy1Hgr+hNrb57e+94F0=
github.com/google/uuid v1.6.0/go.mod h1:TIyPZe4MgqvfeYDBFedMoGGpEw/LqOeaOT+nhxU+yHo=
github.com/gorilla/securecookie v1.1.1 h1:miw7JPhV+b/lAHSXz4qd/nN9jRiAFV5FwjeKyCS8BvQ=
github.com/gorilla/securecookie v1.1.1/go.mod h1:ra0sb63/xPlUeL+yeDciTfxMRAA+MP+HVt/4epWDjd4=
github.com/gorilla/sessions v1.2.1 h1:DHd3rPN5lE3Ts3D8rKkQ8x/0kqfeNmBAaiSi+o7FsgI=
github.com/gorilla/sessions v1.2.1/go.mod h1:dk2InVEVJ0sfLlnXv9EAgkf6ecYs/i80K/zI+bUmuGM=
github.com/hashicorp/go-cleanhttp v0.5.2 h1:035FKYIWjmULyFRBKPs8TBQoi0x6d9G4xc9neXJWAZQ=
github.com/hashicorp/go-cleanhttp v0.5.2/go.mod h1:kO/YDlP8L1346E6Sodw+PrpBSV4/SoxCXGY6BqNFT48=
github.com/hashicorp/go-uuid v1.0.2/go.mod h1:6SBZvOh/SIDV7/2o3Jml5SYk/TvGqwFJ/bN7x4byOro=
github.com/hashicorp/go-uuid v1.0.3 h1:2gKiV6YVmrJ1i2CKKa9obLvRieoRGviZFL26PcT/Co8=
github.com/hashicorp/go-uuid v1.0.3/go.mod h1:6SBZvOh/SIDV7/2o3Jml5SYk/TvGqwFJ/bN7x4byOro=
github.com/hirochachacha/go-smb2 v1.1.0 h1:b6hs9qKIql9eVXAiN0M2wSFY5xnhbHAQoCwRKbaRTZI=
github.com/hirochachacha/go-smb2 v1.1.0/go.mod h1:8F1A4d5EZzrGu5R7PU163UcMRDJQl4FtcxjBfsY8TZE=
github.com/jackc/pgpassfile v1.0.0 h1:/6Hmqy13Ss2zCq62VdNG8tM1wchn8zjSGOBJ6icpsIM=
github.com/jackc/pgpassfile v1.0.0/go.mod h1:CEx0iS5ambNFdcRtxPj5JhEz+xB6uRky5eyVu/W2HEg=
github.com/jackc/pgservicefile v0.0.0-20240606120523-5a60cdf6a761 h1:iCEnooe7UlwOQYpKFhBabPMi4aNAfoODPEFNiAnClxo=
github.com/jackc/pgservicefile v0.0.0-20240606120523-5a60cdf6a761/go.mod h1:5TJZWKEWniPve33vlWYSoGYefn3gLQRzjfDlhSJ9ZKM=
github.com/jackc/pgx/v5 v5.10.0 h1:VhSvgU2jSli8o3AqIEOTJr7rZwAEUVo4E4XhR94Zfr0=
github.com/jackc/pgx/v5 v5.10.0/go.mod h1:mal1tBGAFfLHvZzaYh77YS/eC6IX9OWbRV1QIIM0Jn4=
github.com/jackc/puddle/v2 v2.2.2 h1:PR8nw+E/1w0GLuRFSmiioY6UooMp6KJv0/61nB7icHo=
github.com/jackc/puddle/v2 v2.2.2/go.mod h1:vriiEXHvEE654aYKXXjOvZM39qJ0q+azkZFrfEOc3H4=
github.com/jcmturner/aescts/v2 v2.0.0 h1:9YKLH6ey7H4eDBXW8khjYslgyqG2xZikXP0EQFKrle8=
github.com/jcmturner/aescts/v2 v2.0.0/go.mod h1:AiaICIRyfYg35RUkr8yESTqvSy7csK90qZ5xfvvsoNs=
github.com/jcmturner/dnsutils/v2 v2.0.0 h1:lltnkeZGL0wILNvrNiVCR6Ro5PGU/SeBvVO/8c/iPbo=
github.com/jcmturner/dnsutils/v2 v2.0.0/go.mod h1:b0TnjGOvI/n42bZa+hmXL+kFJZsFT7G4t3HTlQ184QM=
github.com/jcmturner/gofork v1.7.6 h1:QH0l3hzAU1tfT3rZCnW5zXl+orbkNMMRGJfdJjHVETg=
github.com/jcmturner/gofork v1.7.6/go.mod h1:1622LH6i/EZqLloHfE7IeZ0uEJwMSUyQ/nDd82IeqRo=
github.com/jcmturner/goidentity/v6 v6.0.1 h1:VKnZd2oEIMorCTsFBnJWbExfNN7yZr3EhJAxwOkZg6o=
github.com/jcmturner/goidentity/v6 v6.0.1/go.mod h1:X1YW3bgtvwAXju7V3LCIMpY0Gbxyjn/mY9zx4tFonSg=
github.com/jcmturner/gokrb5/v8 v8.4.4 h1:x1Sv4HaTpepFkXbt2IkL29DXRf8sOfZXo8eRKh687T8=
github.com/jcmturner/gokrb5/v8 v8.4.4/go.mod h1:1btQEpgT6k+unzCwX1KdWMEwPPkkgBtP+F6aCACiMrs=
github.com/jcmturner/rpc/v2 v2.0.3 h1:7FXXj8Ti1IaVFpSAziCZWNzbNuZmnvw/i6CqLNdWfZY=
github.com/jcmturner/rpc/v2 v2.0.3/go.mod h1:VUJYCIDm3PVOEHw8sgt091/20OJjskO/YJki3ELg/Hc=
github.com/jinzhu/inflection v1.0.0 h1:K317FqzuhWc8YvSVlFMCCUb36O/S9MCKRDI7QkRKD/E=
github.com/jinzhu/inflection v1.0.0/go.mod h1:h+uFLlag+Qp1Va5pdKtLDYj+kHp5pxUVkryuEj+Srlc=
github.com/jinzhu/now v1.1.5 h1:/o9tlHleP7gOFmsnYNz3RGnqzefHA47wQpKrrdTIwXQ=
github.com/jinzhu/now v1.1.5/go.mod h1:d3SSVoowX0Lcu0IBviAWJpolVfI5UJVZZ7cO71lE/z8=
github.com/joho/godotenv v1.5.1 h1:7eLL/+HRGLY0ldzfGMeQkb7vMd0as4CfYvUVzLqw0N0=
github.com/joho/godotenv v1.5.1/go.mod h1:f4LDr5Voq0i2e/R5DDNOoa2zzDfwtkZa6DnEwAbqwq4=
github.com/json-iterator/go v1.1.12 h1:PV8peI4a0ysnczrg+LtxykD8LfKY9ML6u2jnxaEnrnM=
github.com/json-iterator/go v1.1.12/go.mod h1:e30LSqwooZae/UwlEbR2852Gd8hjQvJoHmT4TnhNGBo=
github.com/klauspost/compress v1.19.2 h1:hMRETovs/pu/dVWN7zIT1PGG8t509MwT6bO7XSi26R8=
github.com/klauspost/compress v1.19.2/go.mod h1:cwPg85FWrGar70rWktvGQj8/hthj3wpl0PGDogxkrSQ=
github.com/kr/fs v0.1.0 h1:Jskdu9ieNAYnjxsi0LbQp1ulIKZV1LAFgK1tWhpZgl8=
github.com/kr/fs v0.1.0/go.mod h1:FFnZGqtBN9Gxj7eW1uZ42v5BccTP0vu6NEaFoC2HwRg=
github.com/kr/pretty v0.1.0/go.mod h1:dAy3ld7l9f0ibDNOQOHHMYYIIbhfbHSm3C4ZsoJORNo=
github.com/kr/pretty v0.2.1/go.mod h1:ipq/a2n7PKx3OHsz4KJII5eveXtPO4qwEXGdVfWzfnI=
github.com/kr/pretty v0.3.0/go.mod h1:640gp4NfQd8pI5XOwp5fnNeVWj67G7CFk/SaSQn7NBk=
github.com/kr/pretty v0.3.1 h1:flRD4NNwYAUpkphVc1HcthR4KEIFJ65n8Mw5qdRn3LE=
github.com/kr/pretty v0.3.1/go.mod h1:hoEshYVHaxMs3cyo3Yncou5ZscifuDolrwPKZanG3xk=
github.com/kr/pty v1.1.1/go.mod h1:pFQYn66WHrOpPYNljwOMqo10TkYh1fy3cYio2l3bCsQ=
github.com/kr/text v0.1.0/go.mod h1:4Jbv+DJW3UT/LiOwJeYQe1efqtUx/iVham/4vfdArNI=
github.com/kr/text v0.2.0 h1:5Nx0Ya0ZqY2ygV366QzturHI13Jq95ApcVaJBhpS+AY=
github.com/kr/text v0.2.0/go.mod h1:eLer722TekiGuMkidMxC/pM04lWEeraHUUmBw8l2grE=
github.com/leodido/go-urn v1.4.0 h1:WT9HwE9SGECu3lg4d/dIA+jxlljEa1/ffXKmRjqdmIQ=
github.com/leodido/go-urn v1.4.0/go.mod h1:bvxc+MVxLKB4z00jd1z+Dvzr47oO32F/QSNjSBOlFxI=
github.com/masterzen/simplexml v0.0.0-20190410153822-31eea3082786 h1:2ZKn+w/BJeL43sCxI2jhPLRv73oVVOjEKZjKkflyqxg=
github.com/masterzen/simplexml v0.0.0-20190410153822-31eea3082786/go.mod h1:kCEbxUJlNDEBNbdQMkPSp6yaKcRXVI6f4ddk8Riv4bc=
github.com/masterzen/winrm v0.0.0-20260407182533-5570be7f80cf h1:UxGs98qiSWMqoqQsJxSW4FzCRdPPUFCraQ74ufgmISI=
github.com/masterzen/winrm v0.0.0-20260407182533-5570be7f80cf/go.mod h1:JajVhkiG2bYSNYYPYuWG7WZHr42CTjMTcCjfInRNCqc=
github.com/mattn/go-colorable v0.1.15 h1:+u9SLTRGnXv73cEsnsmoZBom+dMU88B2M0aDcWy0/jY=
github.com/mattn/go-colorable v0.1.15/go.mod h1:6LmQG8QLFO4G5z1gPvYEzlUgJ2wF+stgPZH1UqBm1s8=
github.com/mattn/go-isatty v0.0.24 h1:tGZZoVgT/KiqK1c8ocVLeDS8BSWMRd47J3Lbz7vsReI=
github.com/mattn/go-isatty v0.0.24/go.mod h1:nMCL3Zebbrt45jsMDgnfIwz6ydEQApk5oEI3HqDio6A=
github.com/mattn/go-runewidth v0.0.28 h1:rPyg2ybwEKPebvpzVWe1gKBkH8EQFkxO4Y0hjBeLaBU=
github.com/mattn/go-runewidth v0.0.28/go.mod h1:3qAiGCV4Koz/yuveO58qUefmUTRm8r0IGEXZ9jeHp/8=
github.com/mattn/go-sqlite3 v1.14.22 h1:2gZY6PC6kBnID23Tichd1K+Z0oS6nE/XwU+Vz/5o4kU=
github.com/mattn/go-sqlite3 v1.14.22/go.mod h1:Uh1q+B4BYcTPb+yiD3kU8Ct7aC0hY9fxUwlHK0RXw+Y=
github.com/mervick/aes-everywhere/go/aes256 v0.0.0-20240803013625-6759956693c0 h1:IfWxTv9SQWw2Vw48Y2CZvVam1WeDBASWnlvNL8QwyQs=
github.com/mervick/aes-everywhere/go/aes256 v0.0.0-20240803013625-6759956693c0/go.mod h1:Eb5RMoo9kOQra/2uRiUTGP+LfNuM13Vqm7y7P34+KKo=
github.com/modern-go/concurrent v0.0.0-20180228061459-e0a39a4cb421/go.mod h1:6dJC0mAP4ikYIbvyc7fijjWJddQyLn8Ig3JB5CqoB9Q=
github.com/modern-go/concurrent v0.0.0-20180306012644-bacd9c7ef1dd h1:TRLaZ9cD/w8PVh93nsPXa1VrQ6jlwL5oN8l14QlcNfg=
github.com/modern-go/concurrent v0.0.0-20180306012644-bacd9c7ef1dd/go.mod h1:6dJC0mAP4ikYIbvyc7fijjWJddQyLn8Ig3JB5CqoB9Q=
github.com/modern-go/reflect2 v1.0.2/go.mod h1:yWuevngMOJpCy52FWWMvUC8ws7m/LJsjYzDa0/r8luk=
github.com/modern-go/reflect2 v1.0.3-0.20250322232337-35a7c28c31ee h1:W5t00kpgFdJifH4BDsTlE89Zl93FEloxaWZfGcifgq8=
github.com/modern-go/reflect2 v1.0.3-0.20250322232337-35a7c28c31ee/go.mod h1:yWuevngMOJpCy52FWWMvUC8ws7m/LJsjYzDa0/r8luk=
github.com/munnerz/goautoneg v0.0.0-20191010083416-a7dc8b61c822 h1:C3w9PqII01/Oq1c1nUAm88MOHcQC9l5mIlSMApZMrHA=
github.com/munnerz/goautoneg v0.0.0-20191010083416-a7dc8b61c822/go.mod h1:+n7T8mK8HuQTcFwEeznm/DIxMOiR9yIdICNftLE1DvQ=
github.com/opentracing/opentracing-go v1.2.0 h1:uEJPy/1a5RIPAJ0Ov+OIO8OxWu77jEv+1B0VhjKrZUs=
github.com/opentracing/opentracing-go v1.2.0/go.mod h1:GxEUsuufX4nBwe+T+Wl9TAgYrxe9dPLANfrWvHYVTgc=
github.com/phayes/freeport v0.0.0-20220201140144-74d24b5ae9f5 h1:Ii+DKncOVM8Cu1Hc+ETb5K+23HdAMvESYE3ZJ5b5cMI=
github.com/phayes/freeport v0.0.0-20220201140144-74d24b5ae9f5/go.mod h1:iIss55rKnNBTvrwdmkUpLnDpZoAHvWaiq5+iMmen4AE=
github.com/pkg/diff v0.0.0-20210226163009-20ebb0f2a09e/go.mod h1:pJLUxLENpZxwdsKMEsNbx1VGcRFpLqf3715MtcvvzbA=
github.com/pkg/errors v0.9.1 h1:FEBLx1zS214owpjy7qsBeixbURkuhQAwrK5UwLGTwt4=
github.com/pkg/errors v0.9.1/go.mod h1:bwawxfHBFNV+L2hUp1rHADufV3IMtnDRdf1r5NINEl0=
github.com/pkg/sftp v1.13.11 h1:0N92SLTB8JqASJB14ZLHHzFnBV8mG9zw4K7jghEFWuE=
github.com/pkg/sftp v1.13.11/go.mod h1:uNkH9roSXglNJqM+glJJi+TQXQUm0fXFWqCFmT8hsN0=
github.com/pmezard/go-difflib v1.0.0/go.mod h1:iKH77koFhYxTK1pcRnkKkqfTogsbg7gZNVY4sRDYZ/4=
github.com/pmezard/go-difflib v1.0.1-0.20181226105442-5d4384ee4fb2 h1:Jamvg5psRIccs7FGNTlIRMkT8wgtp5eCXdBlqhYGL6U=
github.com/pmezard/go-difflib v1.0.1-0.20181226105442-5d4384ee4fb2/go.mod h1:iKH77koFhYxTK1pcRnkKkqfTogsbg7gZNVY4sRDYZ/4=
github.com/robfig/cron/v3 v3.0.1 h1:WdRxkvbJztn8LMz/QEvLN5sBU+xKpSqwwUO1Pjr4qDs=
github.com/robfig/cron/v3 v3.0.1/go.mod h1:eQICP3HwyT7UooqI/z+Ov+PtYAWygg1TEWWzGIFLtro=
github.com/rogpeppe/go-internal v1.6.1/go.mod h1:xXDCJY+GAPziupqXw64V24skbSoqbTEfhy4qGm1nDQc=
github.com/rogpeppe/go-internal v1.8.1/go.mod h1:JeRgkft04UBgHMgCIwADu4Pn6Mtm5d4nPKWu0nJ5d+o=
github.com/rogpeppe/go-internal v1.14.1 h1:UQB4HGPB6osV0SQTLymcB4TgvyWu6ZyliaW0tI/otEQ=
github.com/rogpeppe/go-internal v1.14.1/go.mod h1:MaRKkUm5W0goXpeCfT7UZI6fk/L7L7so1lCWt35ZSgc=
github.com/segmentio/ksuid v1.0.4 h1:sBo2BdShXjmcugAMwjugoGUdUV0pcxY5mW4xKRn3v4c=
github.com/segmentio/ksuid v1.0.4/go.mod h1:/XUiZBD3kVx5SmUOl55voK5yeAbBNNIed+2O73XgrPE=
github.com/spf13/pflag v1.0.10 h1:4EBh2KAYBwaONj6b2Ye1GiHfwjqyROoF4RwYO+vPwFk=
github.com/spf13/pflag v1.0.10/go.mod h1:McXfInJRrz4CZXVZOBLb0bTZqETkiAhM9Iw0y3An2Bg=
github.com/stretchr/objx v0.1.0/go.mod h1:HFkY916IF+rwdDfMAkV7OtwuqBVzrE8GR6GFx+wExME=
github.com/stretchr/objx v0.4.0/go.mod h1:YvHI0jy2hoMjB+UWwv71VJQ9isScKT/TqJzVSSt89Yw=
github.com/stretchr/objx v0.5.0/go.mod h1:Yh+to48EsGEfYuaHDzXPcE3xhTkx73EhmCGUpEOglKo=
github.com/stretchr/objx v0.5.2 h1:xuMeJ0Sdp5ZMRXx/aWO6RZxdr3beISkG5/G/aIRr3pY=
github.com/stretchr/objx v0.5.2/go.mod h1:FRsXN1f5AsAjCGJKqEizvkpNtU+EGNCLh3NxZ/8L+MA=
github.com/stretchr/testify v1.3.0/go.mod h1:M5WIy9Dh21IEIfnGCwXGc5bZfKNJtfHm1UVUgZn+9EI=
github.com/stretchr/testify v1.4.0/go.mod h1:j7eGeouHqKxXV5pUuKE4zz7dFj8WfuZ+81PSLYec5m4=
github.com/stretchr/testify v1.7.0/go.mod h1:6Fq8oRcR53rry900zMqJjRRixrwX3KX962/h/Wwjteg=
github.com/stretchr/testify v1.7.1/go.mod h1:6Fq8oRcR53rry900zMqJjRRixrwX3KX962/h/Wwjteg=
github.com/stretchr/testify v1.8.0/go.mod h1:yNjHg4UonilssWZ8iaSj1OCr/vHnekPRkoO+kdMU+MU=
github.com/stretchr/testify v1.8.1/go.mod h1:w2LPCIKwWwSfY2zedu0+kehJoqGctiVI29o6fzry7u4=
github.com/stretchr/testify v1.8.2/go.mod h1:w2LPCIKwWwSfY2zedu0+kehJoqGctiVI29o6fzry7u4=
github.com/stretchr/testify v1.11.1 h1:7s2iGBzp5EwR7/aIZr8ao5+dra3wiQyKjjFuvgVKu7U=
github.com/stretchr/testify v1.11.1/go.mod h1:wZwfW3scLgRK+23gO65QZefKpKQRnfz6sD981Nm4B6U=
github.com/tidwall/transform v0.0.0-20201103190739-32f242e2dbde h1:AMNpJRc7P+GTwVbl8DkK2I9I8BBUzNiHuH/tlxrpan0=
github.com/tidwall/transform v0.0.0-20201103190739-32f242e2dbde/go.mod h1:MvrEmduDUz4ST5pGZ7CABCnOU5f3ZiOAZzT6b1A6nX8=
github.com/valyala/bytebufferpool v1.0.0 h1:GqA5TC/0021Y/b9FG4Oi9Mr3q7XYx6KllzawFIhcdPw=
github.com/valyala/bytebufferpool v1.0.0/go.mod h1:6bBcMArwyJ5K/AmCkWv1jt77kVWyCJ6HpOuEn7z0Csc=
github.com/valyala/fasthttp v1.73.0 h1:ocTOORnBWtJ+P8t/6wAjdkchMzdfHmWx2VD/DPbgZ7s=
github.com/valyala/fasthttp v1.73.0/go.mod h1:EtXQDHaR+5P18p8wqDRFpUhxr108Ga9mXvVJXHRrN2k=
github.com/x448/float16 v0.8.4 h1:qLwI1I70+NjRFUR3zs1JPUCgaCXSh3SW62uAKT1mSBM=
github.com/x448/float16 v0.8.4/go.mod h1:14CWIYCyZA/cWjXOioeEpHeN/83MdbZDRQHoFcYsOfg=
github.com/xyproto/randomstring v1.0.5 h1:YtlWPoRdgMu3NZtP45drfy1GKoojuR7hmRcnhZqKjWU=
github.com/xyproto/randomstring v1.0.5/go.mod h1:rgmS5DeNXLivK7YprL0pY+lTuhNQW3iGxZ18UQApw/E=
github.com/yuin/goldmark v1.4.13/go.mod h1:6yULJ656Px+3vBD8DxQVa3kxgyrAnzto9xy5taEt/CY=
go.uber.org/atomic v1.9.0/go.mod h1:fEN4uk6kAWBTFdckzkM89CLk9XfWZrxpCo0nPH17wJc=
go.uber.org/atomic v1.11.0 h1:ZvwS0R+56ePWxUNi+Atn9dWONBPp/AUETXlHW0DxSjE=
go.uber.org/atomic v1.11.0/go.mod h1:LUxbIzbOniOlMKjJjyPfpl4v+PKK2cNJn91OQbhoJI0=
go.uber.org/goleak v1.3.0 h1:2K3zAYmnTNqV73imy9J1T3WC+gmCePx2hEGkimedGto=
go.uber.org/goleak v1.3.0/go.mod h1:CoHD4mav9JJNrW/WLlf7HGZPjdw8EucARQHekz1X6bE=
go.uber.org/multierr v1.11.0 h1:blXXJkSxSSfBVBlC76pxqeO+LN3aDfLQo+309xJstO0=
go.uber.org/multierr v1.11.0/go.mod h1:20+QtiLqy0Nd6FdQB9TLXag12DsQkrbs3htMFfDN80Y=
go.uber.org/zap v1.28.0 h1:IZzaP1Fv73/T/pBMLk4VutPl36uNC+OSUh3JLG3FIjo=
go.uber.org/zap v1.28.0/go.mod h1:rDLpOi171uODNm/mxFcuYWxDsqWSAVkFdX4XojSKg/Q=
go.yaml.in/yaml/v2 v2.4.4 h1:tuyd0P+2Ont/d6e2rl3be67goVK4R6deVxCUX5vyPaQ=
go.yaml.in/yaml/v2 v2.4.4/go.mod h1:gMZqIpDtDqOfM0uNfy0SkpRhvUryYH0Z6wdMYcacYXQ=
go.yaml.in/yaml/v3 v3.0.5 h1:N6y/pJk8buWs9NY5ERU2HSMfm+IuD/OtfdAnq6kESPw=
go.yaml.in/yaml/v3 v3.0.5/go.mod h1:HVTZu1O7/Vkt2N+BFy8Zza+lnLsABggaTM2ZpNIGuKg=
golang.org/x/crypto v0.0.0-20190308221718-c2843e01d9a2/go.mod h1:djNgcEr1/C05ACkg1iLfiJU5Ep61QUkGW8qpdssI0+w=
golang.org/x/crypto v0.0.0-20200728195943-123391ffb6de/go.mod h1:LzIPMQfyMNhhGPhUkYOs5KpL4U8rLKemX1yGLhDgUto=
golang.org/x/crypto v0.0.0-20210921155107-089bfa567519/go.mod h1:GvvjBRRGRdwPK5ydBHafDWAxML/pGHZbMvKqRZ5+Abc=
golang.org/x/crypto v0.6.0/go.mod h1:OFC/31mSvZgRz0V1QTNCzfAI1aIRzbiufJtkMIlEp58=
golang.org/x/crypto v0.54.0 h1:YLIA59K4fiNzHzjnZt2tUJQjQtUWfWbeHBqKtk3eScw=
golang.org/x/crypto v0.54.0/go.mod h1:KWL8ny2AZdGR2cWmzeHrp2azQPGogOv+HeQaVEXC2dk=
golang.org/x/mod v0.6.0-dev.0.20220419223038-86c51ed26bb4/go.mod h1:jJ57K6gSWd91VN4djpZkiMVwK6gcyfeH4XE8wZrZaV4=
golang.org/x/net v0.0.0-20190404232315-eb5bcb51f2a3/go.mod h1:t9HGtf8HONx5eT2rtn7q6eTqICYqUVnKs3thJo3Qplg=
golang.org/x/net v0.0.0-20190620200207-3b0461eec859/go.mod h1:z5CRVTTTmAJ677TzLLGU+0bjPO0LkuOLi4/5GtJWs/s=
golang.org/x/net v0.0.0-20200114155413-6afb5195e5aa/go.mod h1:z5CRVTTTmAJ677TzLLGU+0bjPO0LkuOLi4/5GtJWs/s=
golang.org/x/net v0.0.0-20210226172049-e18ecbb05110/go.mod h1:m0MpNAwzfU5UDzcl9v0D8zg8gWTRqZa9RBIspLL5mdg=
golang.org/x/net v0.0.0-20220722155237-a158d28d115b/go.mod h1:XRhObCWvk6IyKnWLug+ECip1KBveYUHfp+8e9klMJ9c=
golang.org/x/net v0.6.0/go.mod h1:2Tu9+aMcznHK/AK1HMvgo6xiTLG5rD5rZLDS+rp2Bjs=
golang.org/x/net v0.7.0/go.mod h1:2Tu9+aMcznHK/AK1HMvgo6xiTLG5rD5rZLDS+rp2Bjs=
golang.org/x/net v0.57.0 h1:K5+3DljvIuDG9/Jv9rvyMywYNFCQ9RSUY6OOTTkT+tE=
golang.org/x/net v0.57.0/go.mod h1:KpXc8iv+r3XplLAG/f7Jsf9RPszJzdR0f58q9vGOuEU=
golang.org/x/oauth2 v0.36.0 h1:peZ/1z27fi9hUOFCAZaHyrpWG5lwe0RJEEEeH0ThlIs=
golang.org/x/oauth2 v0.36.0/go.mod h1:YDBUJMTkDnJS+A4BP4eZBjCqtokkg1hODuPjwiGPO7Q=
golang.org/x/sync v0.0.0-20190423024810-112230192c58/go.mod h1:RxMgew5VJxzue5/jJTE5uejpjVlOe/izrB70Jof72aM=
golang.org/x/sync v0.0.0-20220722155255-886fb9371eb4/go.mod h1:RxMgew5VJxzue5/jJTE5uejpjVlOe/izrB70Jof72aM=
golang.org/x/sync v0.22.0 h1:SZjpbeLmrCk4xhRSZFNZW5gFUeCeFgjekvI/+gfScek=
golang.org/x/sync v0.22.0/go.mod h1:9xrNwdLfx4jkKbNva9FpL6vEN7evnE43NNNJQ2LF3+0=
golang.org/x/sys v0.0.0-20190215142949-d0b11bdaac8a/go.mod h1:STP8DvDyc/dI5b8T5hshtkjS+E42TnysNCUPdjciGhY=
golang.org/x/sys v0.0.0-20190412213103-97732733099d/go.mod h1:h1NjWce9XRLGQEsW7wpKNCjG9DtNlClVuFLEZdDNbEs=
golang.org/x/sys v0.0.0-20201119102817-f84b799fce68/go.mod h1:h1NjWce9XRLGQEsW7wpKNCjG9DtNlClVuFLEZdDNbEs=
golang.org/x/sys v0.0.0-20210615035016-665e8c7367d1/go.mod h1:oPkhp1MJrh7nUepCBck5+mAzfO9JrbApNNgaTdGDITg=
golang.org/x/sys v0.0.0-20220520151302-bc2c85ada10a/go.mod h1:oPkhp1MJrh7nUepCBck5+mAzfO9JrbApNNgaTdGDITg=
golang.org/x/sys v0.0.0-20220722155257-8c9f86f7a55f/go.mod h1:oPkhp1MJrh7nUepCBck5+mAzfO9JrbApNNgaTdGDITg=
golang.org/x/sys v0.5.0/go.mod h1:oPkhp1MJrh7nUepCBck5+mAzfO9JrbApNNgaTdGDITg=
golang.org/x/sys v0.47.0 h1:o7XGOvZQCADBQQ4Y7VNq2dRWQR7JmOUW8Kxx4ZsNgWs=
golang.org/x/sys v0.47.0/go.mod h1:4GL1E5IUh+htKOUEOaiffhrAeqysfVGipDYzABqnCmw=
golang.org/x/term v0.0.0-20201126162022-7de9c90e9dd1/go.mod h1:bj7SfCRtBDWHUb9snDiAeCFNEtKQo2Wmx5Cou7ajbmo=
golang.org/x/term v0.0.0-20210927222741-03fcf44c2211/go.mod h1:jbD1KX2456YbFQfuXm/mYQcufACuNUgVhRMnK/tPxf8=
golang.org/x/term v0.5.0/go.mod h1:jMB1sMXY+tzblOD4FWmEbocvup2/aLOaQEp7JmGp78k=
golang.org/x/term v0.45.0 h1:NwWyBmoJCbfTHpxrWoZ9C6/VxOf7ic219I8xZZFdrf0=
golang.org/x/term v0.45.0/go.mod h1:9aqxs0blBcrm/n0L9QW0aRVD+ktan8ssZromtqJC43w=
golang.org/x/text v0.3.0/go.mod h1:NqM8EUOU14njkJ3fqMW+pc6Ldnwhi/IjpwHt7yyuwOQ=
golang.org/x/text v0.3.3/go.mod h1:5Zoc/QRtKVWzQhOtBMvqHzDpF6irO9z98xDceosuGiQ=
golang.org/x/text v0.3.7/go.mod h1:u+2+/6zg+i71rQMx5EYifcz6MCKuco9NR6JIITiCfzQ=
golang.org/x/text v0.7.0/go.mod h1:mrYo+phRRbMaCq/xk9113O4dZlRixOauAjOtrjsXDZ8=
golang.org/x/text v0.40.0 h1:Ub2Z6/xjgF1WrYQz2nuITOEegKFtiIy+rieRJ5lHZKs=
golang.org/x/text v0.40.0/go.mod h1:hpnzDAfGV753zIKo+wk3u1bVKCGPbrnF7+7LBF/UHVY=
golang.org/x/time v0.15.0 h1:bbrp8t3bGUeFOx08pvsMYRTCVSMk89u4tKbNOZbp88U=
golang.org/x/time v0.15.0/go.mod h1:Y4YMaQmXwGQZoFaVFk4YpCt4FLQMYKZe9oeV/f4MSno=
golang.org/x/tools v0.0.0-20180917221912-90fa682c2a6e/go.mod h1:n7NCudcB/nEzxVGmLbDWY5pfWTLqBcC2KZ6jyYvM4mQ=
golang.org/x/tools v0.0.0-20191119224855-298f0cb1881e/go.mod h1:b+2E5dAYhXwXZwtnZ6UAqBI28+e2cm9otk0dWdXHAEo=
golang.org/x/tools v0.1.12/go.mod h1:hNGJHUnrk76NpqgfD5Aqm5Crs+Hm0VOH/i9J2+nxYbc=
golang.org/x/xerrors v0.0.0-20190717185122-a985d3407aa7/go.mod h1:I/5z698sn9Ka8TeJc9MKroUUfqBBauWjQqLJ2OPfmY0=
google.golang.org/protobuf v1.36.12 h1:pJOKDDOyeXErUroCihFAd5LQuwXBSpVnKGrj5o/fwxc=
google.golang.org/protobuf v1.36.12/go.mod h1:HTf+CrKn2C3g5S8VImy6tdcUvCska2kB7j23XfzDpco=
gopkg.in/check.v1 v0.0.0-20161208181325-20d25e280405/go.mod h1:Co6ibVJAznAaIkqp8huTwlJQCZ016jof/cbN4VW5Yz0=
gopkg.in/check.v1 v1.0.0-20180628173108-788fd7840127/go.mod h1:Co6ibVJAznAaIkqp8huTwlJQCZ016jof/cbN4VW5Yz0=
gopkg.in/check.v1 v1.0.0-20201130134442-10cb98267c6c h1:Hei/4ADfdWqJk1ZMxUNpqntNwaWcugrBjAiHlqqRiVk=
gopkg.in/check.v1 v1.0.0-20201130134442-10cb98267c6c/go.mod h1:JHkPIbrfpd72SG/EVd6muEfDQjcINNoR0C8j2r3qZ4Q=
gopkg.in/errgo.v2 v2.1.0/go.mod h1:hNsd1EY+bozCKY1Ytp96fpM3vjJbqLJn88ws8XvfDNI=
gopkg.in/evanphx/json-patch.v4 v4.13.0 h1:czT3CmqEaQ1aanPc5SdlgQrrEIb8w/wwCvWWnfEbYzo=
gopkg.in/evanphx/json-patch.v4 v4.13.0/go.mod h1:p8EYWUEYMpynmqDbY58zCKCFZw8pRWMG4EsWvDvM72M=
gopkg.in/inf.v0 v0.9.1 h1:73M5CoZyi3ZLMOyDlQh031Cx6N9NDJ2Vvfl76EDAgDc=
gopkg.in/inf.v0 v0.9.1/go.mod h1:cWUDdTG/fYaXco+Dcufb5Vnc6Gp2YChqWtbxRZE0mXw=
gopkg.in/yaml.v2 v2.2.2/go.mod h1:hI93XBmqTisBFMUTm0b8Fm+jr3Dg1NNxqwp+5A1VGuI=
gopkg.in/yaml.v3 v3.0.0-20200313102051-9f266ea9e77c/go.mod h1:K4uyk7z7BCEPqu6E+C64Yfv1cQ7kz7rIZviUmN+EgEM=
gopkg.in/yaml.v3 v3.0.1 h1:fxVm/GzAzEWqLHuvctI91KS9hhNmmWOoWu0XTYJS7CA=
gopkg.in/yaml.v3 v3.0.1/go.mod h1:K4uyk7z7BCEPqu6E+C64Yfv1cQ7kz7rIZviUmN+EgEM=
gorm.io/driver/postgres v1.6.2 h1:BvXQ/cNUg63q5TFNg672DmDcowZSFrNLkkA3Xe6GXq4=
gorm.io/driver/postgres v1.6.2/go.mod h1:0c4fQA44XhOklXDkgtuKqysHCycTa5i9e3EIpDGCwXk=
gorm.io/driver/sqlite v1.6.0 h1:WHRRrIiulaPiPFmDcod6prc4l2VGVWHz80KspNsxSfQ=
gorm.io/driver/sqlite v1.6.0/go.mod h1:AO9V1qIQddBESngQUKWL9yoH93HIeA1X6V633rBwyT8=
gorm.io/gorm v1.31.2 h1:3o8FXNo9v9S858gil+3LlZA1LkCOzgb4g5BL64FgaCo=
gorm.io/gorm v1.31.2/go.mod h1:XyQVbO2k6YkOis7C2437jSit3SsDK72s7n7rsSHd+Gs=
k8s.io/api v0.36.4 h1:RxrvqCL6vgH5/+UnTeu1IIFqYmGfy0hnyrod1rn35Oo=
k8s.io/api v0.36.4/go.mod h1:S2B3orCFBDhrgyWbLeuKcT2QdHIpQesBkCYSlWtwUOw=
k8s.io/apimachinery v0.36.4 h1:PT2UzkupGuAx/+xT5XjiMJ1WGpY3fn9/hdAvjweRet4=
k8s.io/apimachinery v0.36.4/go.mod h1:p2I2dipt7JHG+quVwQ1d02d28O4GdDi77RByQ13MTpk=
k8s.io/client-go v0.36.4 h1:MDvfDNvMSt0Br94SK8neviVlwL9qifw9B26hJCpD1K0=
k8s.io/client-go v0.36.4/go.mod h1:pNK4WKELbwlEDvtbE8l22lEZL5THYF61H5EealokZmA=
k8s.io/klog/v2 v2.140.0 h1:Tf+J3AH7xnUzZyVVXhTgGhEKnFqye14aadWv7bzXdzc=
k8s.io/klog/v2 v2.140.0/go.mod h1:o+/RWfJ6PwpnFn7OyAG3QnO47BFsymfEfrz6XyYSSp0=
k8s.io/kube-openapi v0.0.0-20260821135717-be32def86098 h1:z5+pcu1jTyKK5mNTe2/+x+U6Uuv9jRVOJQLaBJJMpeI=
k8s.io/kube-openapi v0.0.0-20260821135717-be32def86098/go.mod h1:0/mqHCVhlumdJ3BhCfnjSZQE037nAhNodh1/hK0T8/I=
k8s.io/utils v0.0.0-20260707023825-cf1189d6abe3 h1:jVkFFVfXdXP74B/zbO3hM3hpSFD0xvhQ5U686DPurkE=
k8s.io/utils v0.0.0-20260707023825-cf1189d6abe3/go.mod h1:M2s5JB1lIYP3jzZdorPLHXIPJzt9vv2muW5a6L9DtNM=
sigs.k8s.io/json v0.0.0-20250730193827-2d320260d730 h1:IpInykpT6ceI+QxKBbEflcR5EXP7sU1kvOlxwZh5txg=
sigs.k8s.io/json v0.0.0-20250730193827-2d320260d730/go.mod h1:mdzfpAEoE6DHQEN0uh9ZbOCuHbLK5wOm7dK4ctXE9Tg=
sigs.k8s.io/randfill v1.0.0 h1:JfjMILfT8A6RbawdsK2JXGBR5AQVfd+9TbzrlneTyrU=
sigs.k8s.io/randfill v1.0.0/go.mod h1:XeLlZ/jmk4i1HRopwe7/aU3H5n1zNUcX6TM94b3QxOY=
sigs.k8s.io/structured-merge-diff/v6 v6.4.2 h1:qdOxHwrl2Kaag1aQEarlYcOA9vSyGCp3CIki3aW8c4Q=
sigs.k8s.io/structured-merge-diff/v6 v6.4.2/go.mod h1:M3W8sfWvn2HhQDIbGWj3S099YozAsymCo/wrT5ohRUE=
sigs.k8s.io/yaml v1.6.0 h1:G8fkbMSAFqgEFgh4b1wmtzDnioxFCUgTZhlbj5P9QYs=
sigs.k8s.io/yaml v1.6.0/go.mod h1:796bPqUfzR/0jLAl6XjHl3Ck7MiyVv8dbTdyT3/pMf4=
